
Microsoft Visual Studio Solution File, Format Version 12.00
# Visual Studio Version 17
VisualStudioVersion = 17.4.33110.190
MinimumVisualStudioVersion = 10.0.40219.1
Project("{FAE04EC0-301F-11D3-BF4B-00C04F79EFBC}") = "21-Nov", "21-Nov.csproj", "{8D244B94-0596-4887-BE80-7B6F10C25A7A}"
EndProject
Global
	GlobalSection(SolutionConfigurationPlatforms) = preSolution
		Debug|Any CPU = Debug|Any CPU
		Release|Any CPU = Release|Any CPU
	EndGlobalSection
	GlobalSection(ProjectConfigurationPlatforms) = postSolution
		{8D244B94-0596-4887-BE80-7B6F10C25A7A}.Debug|Any CPU.ActiveCfg = Debug|Any CPU
		{8D244B94-0596-4887-BE80-7B6F10C25A7A}.Debug|Any CPU.Build.0 = Debug|Any CPU
		{8D244B94-0596-4887-BE80-7B6F10C25A7A}.Release|Any CPU.ActiveCfg = Release|Any CPU
		{8D244B94-0596-4887-BE80-7B6F10C25A7A}.Release|Any CPU.Build.0 = Release|Any CPU
	EndGlobalSection
	GlobalSection(SolutionProperties) = preSolution
		HideSolutionNode = FALSE
	EndGlobalSection
	GlobalSection(ExtensibilityGlobals) = postSolution
		SolutionGuid = {34EC46D7-40C6-4E1D-82D6-EA682A7AC075}
	EndGlobalSection
EndGlobal
